
Microsoft Visual Studio Solution File, Format Version 12.00
# Visual Studio Version 17
VisualStudioVersion = 17.8.34205.153
MinimumVisualStudioVersion = 10.0.40219.1
Project("{9A19103F-16F7-4668-BE54-9A1E7A4F7556}") = "Blazemoji.Test", "Blazemoji.Test\Blazemoji.Test.csproj", "{C0115F01-A107-4DB9-BE72-A7B8EDB1DB7E}"
EndProject
Project("{9A19103F-16F7-4668-BE54-9A1E7A4F7556}") = "Blazemoji", "Blazemoji\Blazemoji.csproj", "{9F111BD5-46B5-448F-8139-1EFED79D130B}"
EndProject
Global
	GlobalSection(SolutionConfigurationPlatforms) = preSolution
		Debug|Any CPU = Debug|Any CPU
		Debug|x64 = Debug|x64
		Release|Any CPU = Release|Any CPU
		Release|x64 = Release|x64
	EndGlobalSection
	GlobalSection(ProjectConfigurationPlatforms) = postSolution
		{C0115F01-A107-4DB9-BE72-A7B8EDB1DB7E}.Debug|Any CPU.ActiveCfg = Debug|Any CPU
		{C0115F01-A107-4DB9-BE72-A7B8EDB1DB7E}.Debug|Any CPU.Build.0 = Debug|Any CPU
		{C0115F01-A107-4DB9-BE72-A7B8EDB1DB7E}.Debug|x64.ActiveCfg = Debug|Any CPU
		{C0115F01-A107-4DB9-BE72-A7B8EDB1DB7E}.Debug|x64.Build.0 = Debug|Any CPU
		{C0115F01-A107-4DB9-BE72-A7B8EDB1DB7E}.Release|Any CPU.ActiveCfg = Release|Any CPU
		{C0115F01-A107-4DB9-BE72-A7B8EDB1DB7E}.Release|Any CPU.Build.0 = Release|Any CPU
		{C0115F01-A107-4DB9-BE72-A7B8EDB1DB7E}.Release|x64.ActiveCfg = Release|Any CPU
		{C0115F01-A107-4DB9-BE72-A7B8EDB1DB7E}.Release|x64.Build.0 = Release|Any CPU
		{9F111BD5-46B5-448F-8139-1EFED79D130B}.Debug|Any CPU.ActiveCfg = Debug|Any CPU
		{9F111BD5-46B5-448F-8139-1EFED79D130B}.Debug|Any CPU.Build.0 = Debug|Any CPU
		{9F111BD5-46B5-448F-8139-1EFED79D130B}.Debug|x64.ActiveCfg = Debug|Any CPU
		{9F111BD5-46B5-448F-8139-1EFED79D130B}.Debug|x64.Build.0 = Debug|Any CPU
		{9F111BD5-46B5-448F-8139-1EFED79D130B}.Release|Any CPU.ActiveCfg = Release|Any CPU
		{9F111BD5-46B5-448F-8139-1EFED79D130B}.Release|Any CPU.Build.0 = Release|Any CPU
		{9F111BD5-46B5-448F-8139-1EFED79D130B}.Release|x64.ActiveCfg = Release|Any CPU
		{9F111BD5-46B5-448F-8139-1EFED79D130B}.Release|x64.Build.0 = Release|Any CPU
	EndGlobalSection
	GlobalSection(SolutionProperties) = preSolution
		HideSolutionNode = FALSE
	EndGlobalSection
	GlobalSection(ExtensibilityGlobals) = postSolution
		SolutionGuid = {57BE8E85-6311-45D7-9A23-182EA0AB2155}
	EndGlobalSection
EndGlobal
