
Microsoft Visual Studio Solution File, Format Version 12.00
# Visual Studio Version 17
VisualStudioVersion = 17.8.34205.153
MinimumVisualStudioVersion = 10.0.40219.1
Project("{9A19103F-16F7-4668-BE54-9A1E7A4F7556}") = "Blazemoji.Test", "Blazemoji.Test\Blazemoji.Test.csproj", "{C0115F01-A107-4DB9-BE72-A7B8EDB1DB7E}"
EndProject
Project("{9A19103F-16F7-4668-BE54-9A1E7A4F7556}") = "Blazemoji", "Blazemoji\Blazemoji.csproj", "{4859ADF6-A5C2-49D1-B1F6-4FEBE8DC398F}"
EndProject
Project("{9A19103F-16F7-4668-BE54-9A1E7A4F7556}") = "Blazemoji.Compiler", "Blazemoji.Compiler\Blazemoji.Compiler.csproj", "{31C9E494-3947-453C-B7A0-16E54E463BA7}"
EndProject
Project("{9A19103F-16F7-4668-BE54-9A1E7A4F7556}") = "Blazemoji.AppHost", "Blazemoji.AppHost\Blazemoji.AppHost.csproj", "{EF097B24-4D2C-4F33-8A97-28A6D10860D0}"
EndProject
Project("{9A19103F-16F7-4668-BE54-9A1E7A4F7556}") = "Blazemoji.ServiceDefaults", "Blazemoji.ServiceDefaults\Blazemoji.ServiceDefaults.csproj", "{DD1764B3-6223-4457-AA40-2CBE52EF1279}"
EndProject
Project("{9A19103F-16F7-4668-BE54-9A1E7A4F7556}") = "Blazemoji.Contracts", "Blazemoji.Contracts\Blazemoji.Contracts.csproj", "{2FEF0DC3-11ED-4CAD-8BB1-F9CF423D24C1}"
EndProject
Global
	GlobalSection(SolutionConfigurationPlatforms) = preSolution
		Debug|Any CPU = Debug|Any CPU
		Release|Any CPU = Release|Any CPU
	EndGlobalSection
	GlobalSection(ProjectConfigurationPlatforms) = postSolution
		{C0115F01-A107-4DB9-BE72-A7B8EDB1DB7E}.Debug|Any CPU.ActiveCfg = Debug|Any CPU
		{C0115F01-A107-4DB9-BE72-A7B8EDB1DB7E}.Debug|Any CPU.Build.0 = Debug|Any CPU
		{C0115F01-A107-4DB9-BE72-A7B8EDB1DB7E}.Release|Any CPU.ActiveCfg = Release|Any CPU
		{C0115F01-A107-4DB9-BE72-A7B8EDB1DB7E}.Release|Any CPU.Build.0 = Release|Any CPU
		{4859ADF6-A5C2-49D1-B1F6-4FEBE8DC398F}.Debug|Any CPU.ActiveCfg = Debug|Any CPU
		{4859ADF6-A5C2-49D1-B1F6-4FEBE8DC398F}.Debug|Any CPU.Build.0 = Debug|Any CPU
		{4859ADF6-A5C2-49D1-B1F6-4FEBE8DC398F}.Release|Any CPU.ActiveCfg = Release|Any CPU
		{4859ADF6-A5C2-49D1-B1F6-4FEBE8DC398F}.Release|Any CPU.Build.0 = Release|Any CPU
		{31C9E494-3947-453C-B7A0-16E54E463BA7}.Debug|Any CPU.ActiveCfg = Debug|Any CPU
		{31C9E494-3947-453C-B7A0-16E54E463BA7}.Debug|Any CPU.Build.0 = Debug|Any CPU
		{31C9E494-3947-453C-B7A0-16E54E463BA7}.Release|Any CPU.ActiveCfg = Release|Any CPU
		{31C9E494-3947-453C-B7A0-16E54E463BA7}.Release|Any CPU.Build.0 = Release|Any CPU
		{EF097B24-4D2C-4F33-8A97-28A6D10860D0}.Debug|Any CPU.ActiveCfg = Debug|Any CPU
		{EF097B24-4D2C-4F33-8A97-28A6D10860D0}.Debug|Any CPU.Build.0 = Debug|Any CPU
		{EF097B24-4D2C-4F33-8A97-28A6D10860D0}.Release|Any CPU.ActiveCfg = Release|Any CPU
		{EF097B24-4D2C-4F33-8A97-28A6D10860D0}.Release|Any CPU.Build.0 = Release|Any CPU
		{DD1764B3-6223-4457-AA40-2CBE52EF1279}.Debug|Any CPU.ActiveCfg = Debug|Any CPU
		{DD1764B3-6223-4457-AA40-2CBE52EF1279}.Debug|Any CPU.Build.0 = Debug|Any CPU
		{DD1764B3-6223-4457-AA40-2CBE52EF1279}.Release|Any CPU.ActiveCfg = Release|Any CPU
		{DD1764B3-6223-4457-AA40-2CBE52EF1279}.Release|Any CPU.Build.0 = Release|Any CPU
		{2FEF0DC3-11ED-4CAD-8BB1-F9CF423D24C1}.Debug|Any CPU.ActiveCfg = Debug|Any CPU
		{2FEF0DC3-11ED-4CAD-8BB1-F9CF423D24C1}.Debug|Any CPU.Build.0 = Debug|Any CPU
		{2FEF0DC3-11ED-4CAD-8BB1-F9CF423D24C1}.Release|Any CPU.ActiveCfg = Release|Any CPU
		{2FEF0DC3-11ED-4CAD-8BB1-F9CF423D24C1}.Release|Any CPU.Build.0 = Release|Any CPU
	EndGlobalSection
	GlobalSection(SolutionProperties) = preSolution
		HideSolutionNode = FALSE
	EndGlobalSection
	GlobalSection(ExtensibilityGlobals) = postSolution
		SolutionGuid = {57BE8E85-6311-45D7-9A23-182EA0AB2155}
	EndGlobalSection
EndGlobal
